
Microsoft Visual Studio Solution File, Format Version 12.00
# Visual Studio 14
VisualStudioVersion = 14.0.23107.0
MinimumVisualStudioVersion = 10.0.40219.1
Project("{2150E333-8FDC-42A3-9474-1A3956D46DE8}") = "Solution Items", "Solution Items", "{F6AD5729-D890-4A75-935A-C6198A4D3806}"
	ProjectSection(SolutionItems) = preProject
		.gitignore = .gitignore
		LICENSE = LICENSE
		plugin.xml = plugin.xml
		README.md = README.md
	EndProjectSection
EndProject
Project("{2150E333-8FDC-42A3-9474-1A3956D46DE8}") = "src", "src", "{F268FA53-0652-4B1B-A4BA-176595CB1DA6}"
EndProject
Project("{2150E333-8FDC-42A3-9474-1A3956D46DE8}") = "ios", "ios", "{94CDAA91-309E-4E2A-99BD-6F82398F8032}"
	ProjectSection(SolutionItems) = preProject
		src\ios\SMTPClient.h = src\ios\SMTPClient.h
		src\ios\SMTPClient.m = src\ios\SMTPClient.m
	EndProjectSection
EndProject
Project("{2150E333-8FDC-42A3-9474-1A3956D46DE8}") = "SMTPLibrary", "SMTPLibrary", "{5D9304E3-D639-4BA5-AAED-8F9463BCDDC0}"
	ProjectSection(SolutionItems) = preProject
		src\ios\SMTPLibrary\Base64Transcoder.h = src\ios\SMTPLibrary\Base64Transcoder.h
		src\ios\SMTPLibrary\Base64Transcoder.m = src\ios\SMTPLibrary\Base64Transcoder.m
		src\ios\SMTPLibrary\HSK_CFUtilities.h = src\ios\SMTPLibrary\HSK_CFUtilities.h
		src\ios\SMTPLibrary\HSK_CFUtilities.m = src\ios\SMTPLibrary\HSK_CFUtilities.m
		src\ios\SMTPLibrary\NSData+Base64Additions.h = src\ios\SMTPLibrary\NSData+Base64Additions.h
		src\ios\SMTPLibrary\NSData+Base64Additions.m = src\ios\SMTPLibrary\NSData+Base64Additions.m
		src\ios\SMTPLibrary\NSStream+SKPSMTPExtensions.h = src\ios\SMTPLibrary\NSStream+SKPSMTPExtensions.h
		src\ios\SMTPLibrary\NSStream+SKPSMTPExtensions.m = src\ios\SMTPLibrary\NSStream+SKPSMTPExtensions.m
		src\ios\SMTPLibrary\SKPSMTPMessage.h = src\ios\SMTPLibrary\SKPSMTPMessage.h
		src\ios\SMTPLibrary\SKPSMTPMessage.m = src\ios\SMTPLibrary\SKPSMTPMessage.m
	EndProjectSection
EndProject
Project("{2150E333-8FDC-42A3-9474-1A3956D46DE8}") = "www", "www", "{8F22101A-E47D-4BB1-BB17-3B24927D7945}"
	ProjectSection(SolutionItems) = preProject
		www\smtp-client.js = www\smtp-client.js
	EndProjectSection
EndProject
Global
	GlobalSection(SolutionProperties) = preSolution
		HideSolutionNode = FALSE
	EndGlobalSection
	GlobalSection(NestedProjects) = preSolution
		{F268FA53-0652-4B1B-A4BA-176595CB1DA6} = {F6AD5729-D890-4A75-935A-C6198A4D3806}
		{94CDAA91-309E-4E2A-99BD-6F82398F8032} = {F268FA53-0652-4B1B-A4BA-176595CB1DA6}
		{5D9304E3-D639-4BA5-AAED-8F9463BCDDC0} = {94CDAA91-309E-4E2A-99BD-6F82398F8032}
		{8F22101A-E47D-4BB1-BB17-3B24927D7945} = {F6AD5729-D890-4A75-935A-C6198A4D3806}
	EndGlobalSection
EndGlobal
